
Microsoft Visual Studio Solution File, Format Version 12.00
# Visual Studio Version 17
VisualStudioVersion = 17.4.33110.190
MinimumVisualStudioVersion = 10.0.40219.1
Project("{FAE04EC0-301F-11D3-BF4B-00C04F79EFBC}") = "ShoesEcomm", "ShoesEcomm\ShoesEcomm.csproj", "{A65C2D50-464C-4EDD-9EAF-A58DBD55FA1B}"
EndProject
Global
	GlobalSection(SolutionConfigurationPlatforms) = preSolution
		Debug|Any CPU = Debug|Any CPU
		Release|Any CPU = Release|Any CPU
	EndGlobalSection
	GlobalSection(ProjectConfigurationPlatforms) = postSolution
		{A65C2D50-464C-4EDD-9EAF-A58DBD55FA1B}.Debug|Any CPU.ActiveCfg = Debug|Any CPU
		{A65C2D50-464C-4EDD-9EAF-A58DBD55FA1B}.Debug|Any CPU.Build.0 = Debug|Any CPU
		{A65C2D50-464C-4EDD-9EAF-A58DBD55FA1B}.Release|Any CPU.ActiveCfg = Release|Any CPU
		{A65C2D50-464C-4EDD-9EAF-A58DBD55FA1B}.Release|Any CPU.Build.0 = Release|Any CPU
	EndGlobalSection
	GlobalSection(SolutionProperties) = preSolution
		HideSolutionNode = FALSE
	EndGlobalSection
	GlobalSection(ExtensibilityGlobals) = postSolution
		SolutionGuid = {FF368F7C-DEF8-4C16-B5D0-DE1C77099EB5}
	EndGlobalSection
EndGlobal
